
Microsoft Visual Studio Solution File, Format Version 12.00
# Visual Studio Version 16
VisualStudioVersion = 16.0.29215.179
MinimumVisualStudioVersion = 10.0.40219.1
Project("{FAE04EC0-301F-11D3-BF4B-00C04F79EFBC}") = "take-home-methods", "take-home-methods.csproj", "{7A138AA5-2677-48EF-BFB2-03FDF1C0447B}"
EndProject
Global
	GlobalSection(SolutionConfigurationPlatforms) = preSolution
		Debug|Any CPU = Debug|Any CPU
		Release|Any CPU = Release|Any CPU
	EndGlobalSection
	GlobalSection(ProjectConfigurationPlatforms) = postSolution
		{7A138AA5-2677-48EF-BFB2-03FDF1C0447B}.Debug|Any CPU.ActiveCfg = Debug|Any CPU
		{7A138AA5-2677-48EF-BFB2-03FDF1C0447B}.Debug|Any CPU.Build.0 = Debug|Any CPU
		{7A138AA5-2677-48EF-BFB2-03FDF1C0447B}.Release|Any CPU.ActiveCfg = Release|Any CPU
		{7A138AA5-2677-48EF-BFB2-03FDF1C0447B}.Release|Any CPU.Build.0 = Release|Any CPU
	EndGlobalSection
	GlobalSection(SolutionProperties) = preSolution
		HideSolutionNode = FALSE
	EndGlobalSection
	GlobalSection(ExtensibilityGlobals) = postSolution
		SolutionGuid = {4A13BFFC-F8C9-425C-90A0-956F38A726A4}
	EndGlobalSection
EndGlobal
